
Microsoft Visual Studio Solution File, Format Version 12.00
# Visual Studio Version 17
VisualStudioVersion = 17.7.34031.279
MinimumVisualStudioVersion = 10.0.40219.1
Project("{FAE04EC0-301F-11D3-BF4B-00C04F79EFBC}") = "url_mp3_downloader", "url_mp3_downloader.csproj", "{C6E4D3FB-8DA2-44CC-A71B-5FBD7E35DE3C}"
EndProject
Global
	GlobalSection(SolutionConfigurationPlatforms) = preSolution
		Debug|Any CPU = Debug|Any CPU
		Release|Any CPU = Release|Any CPU
	EndGlobalSection
	GlobalSection(ProjectConfigurationPlatforms) = postSolution
		{C6E4D3FB-8DA2-44CC-A71B-5FBD7E35DE3C}.Debug|Any CPU.ActiveCfg = Debug|Any CPU
		{C6E4D3FB-8DA2-44CC-A71B-5FBD7E35DE3C}.Debug|Any CPU.Build.0 = Debug|Any CPU
		{C6E4D3FB-8DA2-44CC-A71B-5FBD7E35DE3C}.Release|Any CPU.ActiveCfg = Release|Any CPU
		{C6E4D3FB-8DA2-44CC-A71B-5FBD7E35DE3C}.Release|Any CPU.Build.0 = Release|Any CPU
	EndGlobalSection
	GlobalSection(SolutionProperties) = preSolution
		HideSolutionNode = FALSE
	EndGlobalSection
	GlobalSection(ExtensibilityGlobals) = postSolution
		SolutionGuid = {080E3D75-1B77-4E8E-81C9-ADED48BB41C8}
	EndGlobalSection
EndGlobal
